Microsoft Visual Studio Solution File, Format Version 12.00
# Visual Studio Version 17
VisualStudioVersion = 17.5.2.0
MinimumVisualStudioVersion = 10.0.40219.1
Project("{FAE04EC0-301F-11D3-BF4B-00C04F79EFBC}") = "FunctionApp", "example-dotnet-function\FunctionApp.csproj", "{8E569ED4-6606-86B6-4C3E-A52412DA24F7}"
EndProject
Global
	GlobalSection(SolutionConfigurationPlatforms) = preSolution
		Debug|Any CPU = Debug|Any CPU
		Release|Any CPU = Release|Any CPU
	EndGlobalSection
	GlobalSection(ProjectConfigurationPlatforms) = postSolution
		{8E569ED4-6606-86B6-4C3E-A52412DA24F7}.Debug|Any CPU.ActiveCfg = Debug|Any CPU
		{8E569ED4-6606-86B6-4C3E-A52412DA24F7}.Debug|Any CPU.Build.0 = Debug|Any CPU
		{8E569ED4-6606-86B6-4C3E-A52412DA24F7}.Release|Any CPU.ActiveCfg = Release|Any CPU
		{8E569ED4-6606-86B6-4C3E-A52412DA24F7}.Release|Any CPU.Build.0 = Release|Any CPU
	EndGlobalSection
	GlobalSection(SolutionProperties) = preSolution
		HideSolutionNode = FALSE
	EndGlobalSection
	GlobalSection(ExtensibilityGlobals) = postSolution
		SolutionGuid = {A422C498-8E08-41C3-B680-422FE4DB1F63}
	EndGlobalSection
EndGlobal
