{
  "version": 4,
  "terraform_version": "1.13.3",
  "serial": 104,
  "lineage": "5baacd9b-d799-9976-a227-63c97ba90e08",
  "outputs": {
    "application_insights_connection_string": {
      "value": "InstrumentationKey=74bf4b3b-259a-4a2b-8d3b-b1c0f4ef9f61;IngestionEndpoint=https://swedencentral-0.in.applicationinsights.azure.com/;LiveEndpoint=https://swedencentral.livediagnostics.monitor.azure.com/;ApplicationId=f5bdb666-0ba8-4c03-baec-24b8c70b9de3",
      "type": "string",
      "sensitive": true
    },
    "application_insights_instrumentation_key": {
      "value": "74bf4b3b-259a-4a2b-8d3b-b1c0f4ef9f61",
      "type": "string",
      "sensitive": true
    },
    "application_insights_name": {
      "value": "appi-azure-functions-asb",
      "type": "string"
    },
    "deployment_info": {
      "value": {
        "environment": "dev",
        "function_app": "func-azure-functions-asb",
        "function_url": "https://func-azure-functions-asb.azurewebsites.net",
        "location": "swedencentral",
        "resource_group": "rg-azure-functions-asb",
        "servicebus_namespace": "sb-azure-functions-asb",
        "servicebus_queue": "asb-queue-test"
      },
      "type": [
        "object",
        {
          "environment": "string",
          "function_app": "string",
          "function_url": "string",
          "location": "string",
          "resource_group": "string",
          "servicebus_namespace": "string",
          "servicebus_queue": "string"
        }
      ]
    },
    "function_app_hostname": {
      "value": "func-azure-functions-asb.azurewebsites.net",
      "type": "string"
    },
    "function_app_name": {
      "value": "func-azure-functions-asb",
      "type": "string"
    },
    "function_app_principal_id": {
      "value": "e11746fc-6f6d-4dd0-90be-4b190caeae8b",
      "type": "string"
    },
    "function_app_url": {
      "value": "https://func-azure-functions-asb.azurewebsites.net",
      "type": "string"
    },
    "resource_group_location": {
      "value": "swedencentral",
      "type": "string"
    },
    "resource_group_name": {
      "value": "rg-azure-functions-asb",
      "type": "string"
    },
    "servicebus_connection_string": {
      "value": "Endpoint=sb://sb-azure-functions-asb.servicebus.windows.net/;Authentication=Managed Identity",
      "type": "string",
      "sensitive": true
    },
    "servicebus_namespace_hostname": {
      "value": "sb-azure-functions-asb.servicebus.windows.net",
      "type": "string"
    },
    "servicebus_namespace_name": {
      "value": "sb-azure-functions-asb",
      "type": "string"
    },
    "servicebus_queue_name": {
      "value": "asb-queue-test",
      "type": "string"
    },
    "servicebus_subscription_name": {
      "value": "asb-topic-test-subscription",
      "type": "string"
    },
    "servicebus_topic_name": {
      "value": "asb-topic-test",
      "type": "string"
    },
    "storage_account_name": {
      "value": "stfuncasb001",
      "type": "string"
    },
    "storage_account_primary_key": {
      "value": "Q+8qeBxcCMABWyyrSokmrjAIi9mQYjpp+VU/jeluOOWCJopC9f46NGkG/o8HnKGzVkaRgpWPDyC3+AStMcv30Q==",
      "type": "string",
      "sensitive": true
    }
  },
  "resources": [
    {
      "mode": "data",
      "type": "azuread_client_config",
      "name": "current",
      "provider": "provider[\"registry.terraform.io/hashicorp/azuread\"]",
      "instances": [
        {
          "schema_version": 0,
          "attributes": {
            "client_id": "04b07795-8ddb-461a-bbee-02f9e1bf7b46",
            "id": "6e9f15ac-1eda-4c30-ae38-e7a75b0f569d-04b07795-8ddb-461a-bbee-02f9e1bf7b46-9ed7f83b-b760-429d-aa67-437c021b3b54",
            "object_id": "9ed7f83b-b760-429d-aa67-437c021b3b54",
            "tenant_id": "6e9f15ac-1eda-4c30-ae38-e7a75b0f569d",
            "timeouts": null
          },
          "sensitive_attributes": [],
          "identity_schema_version": 0
        }
      ]
    },
    {
      "mode": "data",
      "type": "azurerm_client_config",
      "name": "current",
      "provider": "provider[\"registry.terraform.io/hashicorp/azurerm\"]",
      "instances": [
        {
          "schema_version": 0,
          "attributes": {
            "client_id": "04b07795-8ddb-461a-bbee-02f9e1bf7b46",
            "id": "Y2xpZW50Q29uZmlncy9jbGllbnRJZD0wNGIwNzc5NS04ZGRiLTQ2MWEtYmJlZS0wMmY5ZTFiZjdiNDY7b2JqZWN0SWQ9OWVkN2Y4M2ItYjc2MC00MjlkLWFhNjctNDM3YzAyMWIzYjU0O3N1YnNjcmlwdGlvbklkPTIyYzE4ZDcxLWI4ZWUtNDRhNy05NzNlLTIyZjRkNTlkOGNkYzt0ZW5hbnRJZD02ZTlmMTVhYy0xZWRhLTRjMzAtYWUzOC1lN2E3NWIwZjU2OWQ=",
            "object_id": "9ed7f83b-b760-429d-aa67-437c021b3b54",
            "subscription_id": "22c18d71-b8ee-44a7-973e-22f4d59d8cdc",
            "tenant_id": "6e9f15ac-1eda-4c30-ae38-e7a75b0f569d",
            "timeouts": null
          },
          "sensitive_attributes": [],
          "identity_schema_version": 0
        }
      ]
    },
    {
      "mode": "managed",
      "type": "azurerm_application_insights",
      "name": "main",
      "provider": "provider[\"registry.terraform.io/hashicorp/azurerm\"]",
      "instances": [
        {
          "schema_version": 2,
          "attributes": {
            "app_id": "f5bdb666-0ba8-4c03-baec-24b8c70b9de3",
            "application_type": "web",
            "connection_string": "InstrumentationKey=74bf4b3b-259a-4a2b-8d3b-b1c0f4ef9f61;IngestionEndpoint=https://swedencentral-0.in.applicationinsights.azure.com/;LiveEndpoint=https://swedencentral.livediagnostics.monitor.azure.com/;ApplicationId=f5bdb666-0ba8-4c03-baec-24b8c70b9de3",
            "daily_data_cap_in_gb": 100,
            "daily_data_cap_notifications_disabled": false,
            "disable_ip_masking": false,
            "force_customer_storage_for_profiler": false,
            "id": "/subscriptions/22c18d71-b8ee-44a7-973e-22f4d59d8cdc/resourceGroups/rg-azure-functions-asb/providers/Microsoft.Insights/components/appi-azure-functions-asb",
            "instrumentation_key": "74bf4b3b-259a-4a2b-8d3b-b1c0f4ef9f61",
            "internet_ingestion_enabled": true,
            "internet_query_enabled": true,
            "local_authentication_disabled": false,
            "location": "swedencentral",
            "name": "appi-azure-functions-asb",
            "resource_group_name": "rg-azure-functions-asb",
            "retention_in_days": 90,
            "sampling_percentage": 100,
            "tags": {
              "CreatedBy": "Terraform",
              "Environment": "Development",
              "Project": "Azure-Functions-ASB"
            },
            "timeouts": null,
            "workspace_id": ""
          },
          "sensitive_attributes": [
            [
              {
                "type": "get_attr",
                "value": "connection_string"
              }
            ],
            [
              {
                "type": "get_attr",
                "value": "instrumentation_key"
              }
            ]
          ],
          "identity_schema_version": 0,
          "private": "eyJlMmJmYjczMC1lY2FhLTExZTYtOGY4OC0zNDM2M2JjN2M0YzAiOnsiY3JlYXRlIjozNjAwMDAwMDAwMDAwLCJkZWxldGUiOjE4MDAwMDAwMDAwMDAsInJlYWQiOjMwMDAwMDAwMDAwMCwidXBkYXRlIjoxODAwMDAwMDAwMDAwfSwic2NoZW1hX3ZlcnNpb24iOiIyIn0=",
          "dependencies": [
            "azurerm_resource_group.main"
          ]
        }
      ]
    },
    {
      "mode": "managed",
      "type": "azurerm_linux_function_app",
      "name": "main",
      "provider": "provider[\"registry.terraform.io/hashicorp/azurerm\"]",
      "instances": [
        {
          "schema_version": 1,
          "attributes": {
            "app_settings": {
              "DOTNET_FRAMEWORK_VERSION": "v9.0",
              "FUNCTIONS_WORKER_RUNTIME": "dotnet-isolated",
              "SCM_DO_BUILD_DURING_DEPLOYMENT": "false",
              "ServiceBusConnectionString": "Endpoint=sb://sb-azure-functions-asb.servicebus.windows.net/;Authentication=Managed Identity",
              "ServiceBusConnection__fullyQualifiedNamespace": "sb-azure-functions-asb.servicebus.windows.net",
              "ServiceBusQueueName": "test",
              "ServiceBusTopicName": "asb-topic-test",
              "WEBSITE_CONTENTAZUREFILECONNECTIONSTRING": "DefaultEndpointsProtocol=https;AccountName=stfuncasb001;AccountKey=Q+8qeBxcCMABWyyrSokmrjAIi9mQYjpp+VU/jeluOOWCJopC9f46NGkG/o8HnKGzVkaRgpWPDyC3+AStMcv30Q==;EndpointSuffix=core.windows.net",
              "WEBSITE_CONTENTSHARE": "func-azure-functions-asb-content",
              "WEBSITE_RUN_FROM_PACKAGE": "1"
            },
            "auth_settings": [],
            "auth_settings_v2": [],
            "backup": [],
            "builtin_logging_enabled": true,
            "client_certificate_enabled": false,
            "client_certificate_exclusion_paths": "",
            "client_certificate_mode": "Optional",
            "connection_string": [],
            "content_share_force_disabled": false,
            "custom_domain_verification_id": "B9040FCF8094DEA6DFD857CF3F4410FC07134CD197B8EA92CFF81BD073EF7B67",
            "daily_memory_time_quota": 0,
            "default_hostname": "func-azure-functions-asb.azurewebsites.net",
            "enabled": true,
            "ftp_publish_basic_authentication_enabled": true,
            "functions_extension_version": "~4",
            "hosting_environment_id": "",
            "https_only": false,
            "id": "/subscriptions/22c18d71-b8ee-44a7-973e-22f4d59d8cdc/resourceGroups/rg-azure-functions-asb/providers/Microsoft.Web/sites/func-azure-functions-asb",
            "identity": [
              {
                "identity_ids": [],
                "principal_id": "e11746fc-6f6d-4dd0-90be-4b190caeae8b",
                "tenant_id": "6e9f15ac-1eda-4c30-ae38-e7a75b0f569d",
                "type": "SystemAssigned"
              }
            ],
            "key_vault_reference_identity_id": "SystemAssigned",
            "kind": "functionapp,linux",
            "location": "swedencentral",
            "name": "func-azure-functions-asb",
            "outbound_ip_address_list": [
              "20.240.152.78",
              "20.240.152.86",
              "20.240.152.115",
              "20.240.153.224",
              "20.240.153.231",
              "20.240.154.140",
              "20.240.1.197",
              "20.240.1.199",
              "20.240.1.204",
              "20.240.1.208",
              "20.240.1.209",
              "20.240.1.210",
              "51.12.31.3"
            ],
            "outbound_ip_addresses": "20.240.152.78,20.240.152.86,20.240.152.115,20.240.153.224,20.240.153.231,20.240.154.140,20.240.1.197,20.240.1.199,20.240.1.204,20.240.1.208,20.240.1.209,20.240.1.210,51.12.31.3",
            "possible_outbound_ip_address_list": [
              "20.240.152.78",
              "20.240.152.86",
              "20.240.152.115",
              "20.240.153.224",
              "20.240.153.231",
              "20.240.154.140",
              "20.240.1.197",
              "20.240.1.199",
              "20.240.1.204",
              "20.240.1.208",
              "20.240.1.209",
              "20.240.1.210",
              "20.240.1.211",
              "20.240.1.216",
              "20.240.1.217",
              "20.240.1.218",
              "20.240.1.219",
              "20.240.2.56",
              "20.240.2.57",
              "20.240.2.58",
              "20.240.2.59",
              "20.240.2.164",
              "20.240.2.165",
              "20.240.2.166",
              "20.240.2.167",
              "20.240.2.172",
              "20.240.2.173",
              "20.240.2.174",
              "20.240.2.175",
              "20.240.2.220",
              "51.12.31.3"
            ],
            "possible_outbound_ip_addresses": "20.240.152.78,20.240.152.86,20.240.152.115,20.240.153.224,20.240.153.231,20.240.154.140,20.240.1.197,20.240.1.199,20.240.1.204,20.240.1.208,20.240.1.209,20.240.1.210,20.240.1.211,20.240.1.216,20.240.1.217,20.240.1.218,20.240.1.219,20.240.2.56,20.240.2.57,20.240.2.58,20.240.2.59,20.240.2.164,20.240.2.165,20.240.2.166,20.240.2.167,20.240.2.172,20.240.2.173,20.240.2.174,20.240.2.175,20.240.2.220,51.12.31.3",
            "public_network_access_enabled": true,
            "resource_group_name": "rg-azure-functions-asb",
            "service_plan_id": "/subscriptions/22c18d71-b8ee-44a7-973e-22f4d59d8cdc/resourceGroups/rg-azure-functions-asb/providers/Microsoft.Web/serverFarms/asp-azure-functions-asb",
            "site_config": [
              {
                "always_on": false,
                "api_definition_url": "",
                "api_management_api_id": "",
                "app_command_line": "",
                "app_scale_limit": 200,
                "app_service_logs": [],
                "application_insights_connection_string": "InstrumentationKey=74bf4b3b-259a-4a2b-8d3b-b1c0f4ef9f61;IngestionEndpoint=https://swedencentral-0.in.applicationinsights.azure.com/;LiveEndpoint=https://swedencentral.livediagnostics.monitor.azure.com/;ApplicationId=f5bdb666-0ba8-4c03-baec-24b8c70b9de3",
                "application_insights_key": "74bf4b3b-259a-4a2b-8d3b-b1c0f4ef9f61",
                "application_stack": [
                  {
                    "docker": [],
                    "dotnet_version": "8.0",
                    "java_version": "",
                    "node_version": "",
                    "powershell_core_version": "",
                    "python_version": "",
                    "use_custom_runtime": false,
                    "use_dotnet_isolated_runtime": true
                  }
                ],
                "container_registry_managed_identity_client_id": "",
                "container_registry_use_managed_identity": false,
                "cors": [],
                "default_documents": [
                  "Default.htm",
                  "Default.html",
                  "Default.asp",
                  "index.htm",
                  "index.html",
                  "iisstart.htm",
                  "default.aspx",
                  "index.php"
                ],
                "detailed_error_logging_enabled": false,
                "elastic_instance_minimum": 0,
                "ftps_state": "Disabled",
                "health_check_eviction_time_in_min": 0,
                "health_check_path": "",
                "http2_enabled": true,
                "ip_restriction": [],
                "ip_restriction_default_action": "Allow",
                "linux_fx_version": "DOTNET-ISOLATED|8.0",
                "load_balancing_mode": "LeastRequests",
                "managed_pipeline_mode": "Integrated",
                "minimum_tls_version": "1.2",
                "pre_warmed_instance_count": 0,
                "remote_debugging_enabled": false,
                "remote_debugging_version": "",
                "runtime_scale_monitoring_enabled": false,
                "scm_ip_restriction": [],
                "scm_ip_restriction_default_action": "Allow",
                "scm_minimum_tls_version": "1.2",
                "scm_type": "None",
                "scm_use_main_ip_restriction": false,
                "use_32_bit_worker": false,
                "vnet_route_all_enabled": false,
                "websockets_enabled": false,
                "worker_count": 1
              }
            ],
            "site_credential": [
              {
                "name": "$func-azure-functions-asb",
                "password": "K8esod4mds0nZ78lHkTDZuoer3BqzafTgJaDn2WesevCLetmAiR2vBemnmwm"
              }
            ],
            "sticky_settings": [],
            "storage_account": [],
            "storage_account_access_key": "Q+8qeBxcCMABWyyrSokmrjAIi9mQYjpp+VU/jeluOOWCJopC9f46NGkG/o8HnKGzVkaRgpWPDyC3+AStMcv30Q==",
            "storage_account_name": "stfuncasb001",
            "storage_key_vault_secret_id": "",
            "storage_uses_managed_identity": false,
            "tags": {
              "CreatedBy": "Terraform",
              "Environment": "Development",
              "Project": "Azure-Functions-ASB"
            },
            "timeouts": null,
            "virtual_network_subnet_id": "",
            "webdeploy_publish_basic_authentication_enabled": true,
            "zip_deploy_file": ""
          },
          "sensitive_attributes": [
            [
              {
                "type": "get_attr",
                "value": "app_settings"
              },
              {
                "type": "index",
                "value": {
                  "value": "WEBSITE_CONTENTAZUREFILECONNECTIONSTRING",
                  "type": "string"
                }
              }
            ],
            [
              {
                "type": "get_attr",
                "value": "custom_domain_verification_id"
              }
            ],
            [
              {
                "type": "get_attr",
                "value": "site_config"
              },
              {
                "type": "index",
                "value": {
                  "value": 0,
                  "type": "number"
                }
              },
              {
                "type": "get_attr",
                "value": "application_insights_connection_string"
              }
            ],
            [
              {
                "type": "get_attr",
                "value": "site_config"
              },
              {
                "type": "index",
                "value": {
                  "value": 0,
                  "type": "number"
                }
              },
              {
                "type": "get_attr",
                "value": "application_insights_key"
              }
            ],
            [
              {
                "type": "get_attr",
                "value": "site_credential"
              }
            ],
            [
              {
                "type": "get_attr",
                "value": "storage_account_access_key"
              }
            ]
          ],
          "identity_schema_version": 0,
          "private": "eyJlMmJmYjczMC1lY2FhLTExZTYtOGY4OC0zNDM2M2JjN2M0YzAiOnsiY3JlYXRlIjoxODAwMDAwMDAwMDAwLCJkZWxldGUiOjE4MDAwMDAwMDAwMDAsInJlYWQiOjMwMDAwMDAwMDAwMCwidXBkYXRlIjoxODAwMDAwMDAwMDAwfSwic2NoZW1hX3ZlcnNpb24iOiIxIn0=",
          "dependencies": [
            "azurerm_application_insights.main",
            "azurerm_resource_group.main",
            "azurerm_service_plan.functions_plan",
            "azurerm_servicebus_namespace.main",
            "azurerm_storage_account.functions_storage"
          ]
        }
      ]
    },
    {
      "mode": "managed",
      "type": "azurerm_resource_group",
      "name": "main",
      "provider": "provider[\"registry.terraform.io/hashicorp/azurerm\"]",
      "instances": [
        {
          "schema_version": 0,
          "attributes": {
            "id": "/subscriptions/22c18d71-b8ee-44a7-973e-22f4d59d8cdc/resourceGroups/rg-azure-functions-asb",
            "location": "swedencentral",
            "managed_by": "",
            "name": "rg-azure-functions-asb",
            "tags": {
              "CreatedBy": "Terraform",
              "Environment": "Development",
              "Project": "Azure-Functions-ASB"
            },
            "timeouts": null
          },
          "sensitive_attributes": [],
          "identity_schema_version": 0,
          "private": "eyJlMmJmYjczMC1lY2FhLTExZTYtOGY4OC0zNDM2M2JjN2M0YzAiOnsiY3JlYXRlIjo1NDAwMDAwMDAwMDAwLCJkZWxldGUiOjU0MDAwMDAwMDAwMDAsInJlYWQiOjMwMDAwMDAwMDAwMCwidXBkYXRlIjo1NDAwMDAwMDAwMDAwfX0="
        }
      ]
    },
    {
      "mode": "managed",
      "type": "azurerm_role_assignment",
      "name": "function_servicebus_receiver",
      "provider": "provider[\"registry.terraform.io/hashicorp/azurerm\"]",
      "instances": [
        {
          "index_key": 0,
          "schema_version": 0,
          "attributes": {
            "condition": "",
            "condition_version": "",
            "delegated_managed_identity_resource_id": "",
            "description": "",
            "id": "/subscriptions/22c18d71-b8ee-44a7-973e-22f4d59d8cdc/resourceGroups/rg-azure-functions-asb/providers/Microsoft.ServiceBus/namespaces/sb-azure-functions-asb/providers/Microsoft.Authorization/roleAssignments/9f1cf95c-8b5e-a6a6-4e57-367e8ed9fb25",
            "name": "9f1cf95c-8b5e-a6a6-4e57-367e8ed9fb25",
            "principal_id": "e11746fc-6f6d-4dd0-90be-4b190caeae8b",
            "principal_type": "ServicePrincipal",
            "role_definition_id": "/subscriptions/22c18d71-b8ee-44a7-973e-22f4d59d8cdc/providers/Microsoft.Authorization/roleDefinitions/4f6d3b9b-027b-4f4c-9142-0e5a2a2247e0",
            "role_definition_name": "Azure Service Bus Data Receiver",
            "scope": "/subscriptions/22c18d71-b8ee-44a7-973e-22f4d59d8cdc/resourceGroups/rg-azure-functions-asb/providers/Microsoft.ServiceBus/namespaces/sb-azure-functions-asb",
            "skip_service_principal_aad_check": null,
            "timeouts": null
          },
          "sensitive_attributes": [],
          "identity_schema_version": 0,
          "private": "eyJlMmJmYjczMC1lY2FhLTExZTYtOGY4OC0zNDM2M2JjN2M0YzAiOnsiY3JlYXRlIjoxODAwMDAwMDAwMDAwLCJkZWxldGUiOjE4MDAwMDAwMDAwMDAsInJlYWQiOjMwMDAwMDAwMDAwMH19",
          "dependencies": [
            "azurerm_application_insights.main",
            "azurerm_linux_function_app.main",
            "azurerm_resource_group.main",
            "azurerm_service_plan.functions_plan",
            "azurerm_servicebus_namespace.main",
            "azurerm_storage_account.functions_storage"
          ]
        }
      ]
    },
    {
      "mode": "managed",
      "type": "azurerm_role_assignment",
      "name": "function_servicebus_sender",
      "provider": "provider[\"registry.terraform.io/hashicorp/azurerm\"]",
      "instances": [
        {
          "schema_version": 0,
          "attributes": {
            "condition": "",
            "condition_version": "",
            "delegated_managed_identity_resource_id": "",
            "description": "",
            "id": "/subscriptions/22c18d71-b8ee-44a7-973e-22f4d59d8cdc/resourceGroups/rg-azure-functions-asb/providers/Microsoft.ServiceBus/namespaces/sb-azure-functions-asb/providers/Microsoft.Authorization/roleAssignments/5f3a5235-0276-0a80-1bf1-d3c3268a5a4d",
            "name": "5f3a5235-0276-0a80-1bf1-d3c3268a5a4d",
            "principal_id": "e11746fc-6f6d-4dd0-90be-4b190caeae8b",
            "principal_type": "ServicePrincipal",
            "role_definition_id": "/subscriptions/22c18d71-b8ee-44a7-973e-22f4d59d8cdc/providers/Microsoft.Authorization/roleDefinitions/69a216fc-b8fb-44d8-bc22-1f3c2cd27a39",
            "role_definition_name": "Azure Service Bus Data Sender",
            "scope": "/subscriptions/22c18d71-b8ee-44a7-973e-22f4d59d8cdc/resourceGroups/rg-azure-functions-asb/providers/Microsoft.ServiceBus/namespaces/sb-azure-functions-asb",
            "skip_service_principal_aad_check": null,
            "timeouts": null
          },
          "sensitive_attributes": [],
          "identity_schema_version": 0,
          "private": "eyJlMmJmYjczMC1lY2FhLTExZTYtOGY4OC0zNDM2M2JjN2M0YzAiOnsiY3JlYXRlIjoxODAwMDAwMDAwMDAwLCJkZWxldGUiOjE4MDAwMDAwMDAwMDAsInJlYWQiOjMwMDAwMDAwMDAwMH19",
          "dependencies": [
            "azurerm_application_insights.main",
            "azurerm_linux_function_app.main",
            "azurerm_resource_group.main",
            "azurerm_service_plan.functions_plan",
            "azurerm_servicebus_namespace.main",
            "azurerm_storage_account.functions_storage"
          ]
        }
      ]
    },
    {
      "mode": "managed",
      "type": "azurerm_service_plan",
      "name": "functions_plan",
      "provider": "provider[\"registry.terraform.io/hashicorp/azurerm\"]",
      "instances": [
        {
          "schema_version": 1,
          "attributes": {
            "app_service_environment_id": "",
            "id": "/subscriptions/22c18d71-b8ee-44a7-973e-22f4d59d8cdc/resourceGroups/rg-azure-functions-asb/providers/Microsoft.Web/serverFarms/asp-azure-functions-asb",
            "kind": "functionapp",
            "location": "swedencentral",
            "maximum_elastic_worker_count": 1,
            "name": "asp-azure-functions-asb",
            "os_type": "Linux",
            "per_site_scaling_enabled": false,
            "reserved": true,
            "resource_group_name": "rg-azure-functions-asb",
            "sku_name": "Y1",
            "tags": {
              "CreatedBy": "Terraform",
              "Environment": "Development",
              "Project": "Azure-Functions-ASB"
            },
            "timeouts": null,
            "worker_count": 0,
            "zone_balancing_enabled": false
          },
          "sensitive_attributes": [],
          "identity_schema_version": 0,
          "private": "eyJlMmJmYjczMC1lY2FhLTExZTYtOGY4OC0zNDM2M2JjN2M0YzAiOnsiY3JlYXRlIjozNjAwMDAwMDAwMDAwLCJkZWxldGUiOjM2MDAwMDAwMDAwMDAsInJlYWQiOjMwMDAwMDAwMDAwMCwidXBkYXRlIjozNjAwMDAwMDAwMDAwfSwic2NoZW1hX3ZlcnNpb24iOiIxIn0=",
          "dependencies": [
            "azurerm_resource_group.main"
          ]
        }
      ]
    },
    {
      "mode": "managed",
      "type": "azurerm_servicebus_namespace",
      "name": "main",
      "provider": "provider[\"registry.terraform.io/hashicorp/azurerm\"]",
      "instances": [
        {
          "schema_version": 1,
          "attributes": {
            "capacity": 0,
            "customer_managed_key": [],
            "default_primary_connection_string": "Endpoint=sb://sb-azure-functions-asb.servicebus.windows.net/;SharedAccessKeyName=RootManageSharedAccessKey;SharedAccessKey=FTHbIvKJS6J4uV+3PASLdg4GvOmAmWOs1+ASbF9mF/E=",
            "default_primary_key": "FTHbIvKJS6J4uV+3PASLdg4GvOmAmWOs1+ASbF9mF/E=",
            "default_secondary_connection_string": "Endpoint=sb://sb-azure-functions-asb.servicebus.windows.net/;SharedAccessKeyName=RootManageSharedAccessKey;SharedAccessKey=PRtdeMdmCIjm1rj8Z4PyvR1SsxwK0Q5PU+ASbALlQSI=",
            "default_secondary_key": "PRtdeMdmCIjm1rj8Z4PyvR1SsxwK0Q5PU+ASbALlQSI=",
            "endpoint": "https://sb-azure-functions-asb.servicebus.windows.net:443/",
            "id": "/subscriptions/22c18d71-b8ee-44a7-973e-22f4d59d8cdc/resourceGroups/rg-azure-functions-asb/providers/Microsoft.ServiceBus/namespaces/sb-azure-functions-asb",
            "identity": [],
            "local_auth_enabled": true,
            "location": "swedencentral",
            "minimum_tls_version": "1.2",
            "name": "sb-azure-functions-asb",
            "network_rule_set": [
              {
                "default_action": "Allow",
                "ip_rules": [],
                "network_rules": [],
                "public_network_access_enabled": true,
                "trusted_services_allowed": false
              }
            ],
            "premium_messaging_partitions": 0,
            "public_network_access_enabled": true,
            "resource_group_name": "rg-azure-functions-asb",
            "sku": "Standard",
            "tags": {
              "CreatedBy": "Terraform",
              "Environment": "Development",
              "Project": "Azure-Functions-ASB"
            },
            "timeouts": null,
            "zone_redundant": false
          },
          "sensitive_attributes": [
            [
              {
                "type": "get_attr",
                "value": "default_primary_connection_string"
              }
            ],
            [
              {
                "type": "get_attr",
                "value": "default_primary_key"
              }
            ],
            [
              {
                "type": "get_attr",
                "value": "default_secondary_connection_string"
              }
            ],
            [
              {
                "type": "get_attr",
                "value": "default_secondary_key"
              }
            ]
          ],
          "identity_schema_version": 0,
          "private": "eyJlMmJmYjczMC1lY2FhLTExZTYtOGY4OC0zNDM2M2JjN2M0YzAiOnsiY3JlYXRlIjoxODAwMDAwMDAwMDAwLCJkZWxldGUiOjE4MDAwMDAwMDAwMDAsInJlYWQiOjMwMDAwMDAwMDAwMCwidXBkYXRlIjoxODAwMDAwMDAwMDAwfSwic2NoZW1hX3ZlcnNpb24iOiIxIn0=",
          "dependencies": [
            "azurerm_resource_group.main"
          ]
        }
      ]
    },
    {
      "mode": "managed",
      "type": "azurerm_servicebus_queue",
      "name": "main",
      "provider": "provider[\"registry.terraform.io/hashicorp/azurerm\"]",
      "instances": [
        {
          "schema_version": 0,
          "attributes": {
            "auto_delete_on_idle": "P10675199DT2H48M5.4775807S",
            "batched_operations_enabled": true,
            "dead_lettering_on_message_expiration": true,
            "default_message_ttl": "PT1H",
            "duplicate_detection_history_time_window": "PT10M",
            "enable_batched_operations": true,
            "enable_express": false,
            "enable_partitioning": false,
            "express_enabled": false,
            "forward_dead_lettered_messages_to": "",
            "forward_to": "",
            "id": "/subscriptions/22c18d71-b8ee-44a7-973e-22f4d59d8cdc/resourceGroups/rg-azure-functions-asb/providers/Microsoft.ServiceBus/namespaces/sb-azure-functions-asb/queues/asb-queue-test",
            "lock_duration": "PT1M",
            "max_delivery_count": 3,
            "max_message_size_in_kilobytes": 256,
            "max_size_in_megabytes": 1024,
            "name": "asb-queue-test",
            "namespace_id": "/subscriptions/22c18d71-b8ee-44a7-973e-22f4d59d8cdc/resourceGroups/rg-azure-functions-asb/providers/Microsoft.ServiceBus/namespaces/sb-azure-functions-asb",
            "partitioning_enabled": false,
            "requires_duplicate_detection": false,
            "requires_session": false,
            "status": "Active",
            "timeouts": null
          },
          "sensitive_attributes": [],
          "identity_schema_version": 0,
          "private": "eyJlMmJmYjczMC1lY2FhLTExZTYtOGY4OC0zNDM2M2JjN2M0YzAiOnsiY3JlYXRlIjoxODAwMDAwMDAwMDAwLCJkZWxldGUiOjE4MDAwMDAwMDAwMDAsInJlYWQiOjMwMDAwMDAwMDAwMCwidXBkYXRlIjoxODAwMDAwMDAwMDAwfX0=",
          "dependencies": [
            "azurerm_resource_group.main",
            "azurerm_servicebus_namespace.main"
          ]
        }
      ]
    },
    {
      "mode": "managed",
      "type": "azurerm_servicebus_subscription",
      "name": "main",
      "provider": "provider[\"registry.terraform.io/hashicorp/azurerm\"]",
      "instances": [
        {
          "index_key": 0,
          "schema_version": 1,
          "attributes": {
            "auto_delete_on_idle": "P30D",
            "batched_operations_enabled": false,
            "client_scoped_subscription": [],
            "client_scoped_subscription_enabled": false,
            "dead_lettering_on_filter_evaluation_error": true,
            "dead_lettering_on_message_expiration": true,
            "default_message_ttl": "P1D",
            "enable_batched_operations": false,
            "forward_dead_lettered_messages_to": "",
            "forward_to": "",
            "id": "/subscriptions/22c18d71-b8ee-44a7-973e-22f4d59d8cdc/resourceGroups/rg-azure-functions-asb/providers/Microsoft.ServiceBus/namespaces/sb-azure-functions-asb/topics/asb-topic-test/subscriptions/asb-topic-test-subscription",
            "lock_duration": "PT1M",
            "max_delivery_count": 5,
            "name": "asb-topic-test-subscription",
            "requires_session": false,
            "status": "Active",
            "timeouts": null,
            "topic_id": "/subscriptions/22c18d71-b8ee-44a7-973e-22f4d59d8cdc/resourceGroups/rg-azure-functions-asb/providers/Microsoft.ServiceBus/namespaces/sb-azure-functions-asb/topics/asb-topic-test"
          },
          "sensitive_attributes": [],
          "identity_schema_version": 0,
          "private": "eyJlMmJmYjczMC1lY2FhLTExZTYtOGY4OC0zNDM2M2JjN2M0YzAiOnsiY3JlYXRlIjoxODAwMDAwMDAwMDAwLCJkZWxldGUiOjE4MDAwMDAwMDAwMDAsInJlYWQiOjMwMDAwMDAwMDAwMCwidXBkYXRlIjoxODAwMDAwMDAwMDAwfSwic2NoZW1hX3ZlcnNpb24iOiIxIn0=",
          "dependencies": [
            "azurerm_resource_group.main",
            "azurerm_servicebus_namespace.main",
            "azurerm_servicebus_topic.main"
          ]
        }
      ]
    },
    {
      "mode": "managed",
      "type": "azurerm_servicebus_topic",
      "name": "main",
      "provider": "provider[\"registry.terraform.io/hashicorp/azurerm\"]",
      "instances": [
        {
          "index_key": 0,
          "schema_version": 0,
          "attributes": {
            "auto_delete_on_idle": "P30D",
            "batched_operations_enabled": false,
            "default_message_ttl": "P1D",
            "duplicate_detection_history_time_window": "PT10M",
            "enable_batched_operations": false,
            "enable_express": false,
            "enable_partitioning": false,
            "express_enabled": false,
            "id": "/subscriptions/22c18d71-b8ee-44a7-973e-22f4d59d8cdc/resourceGroups/rg-azure-functions-asb/providers/Microsoft.ServiceBus/namespaces/sb-azure-functions-asb/topics/asb-topic-test",
            "max_message_size_in_kilobytes": 256,
            "max_size_in_megabytes": 1024,
            "name": "asb-topic-test",
            "namespace_id": "/subscriptions/22c18d71-b8ee-44a7-973e-22f4d59d8cdc/resourceGroups/rg-azure-functions-asb/providers/Microsoft.ServiceBus/namespaces/sb-azure-functions-asb",
            "partitioning_enabled": false,
            "requires_duplicate_detection": false,
            "status": "Active",
            "support_ordering": false,
            "timeouts": null
          },
          "sensitive_attributes": [],
          "identity_schema_version": 0,
          "private": "eyJlMmJmYjczMC1lY2FhLTExZTYtOGY4OC0zNDM2M2JjN2M0YzAiOnsiY3JlYXRlIjoxODAwMDAwMDAwMDAwLCJkZWxldGUiOjE4MDAwMDAwMDAwMDAsInJlYWQiOjMwMDAwMDAwMDAwMCwidXBkYXRlIjoxODAwMDAwMDAwMDAwfX0=",
          "dependencies": [
            "azurerm_resource_group.main",
            "azurerm_servicebus_namespace.main"
          ]
        }
      ]
    },
    {
      "mode": "managed",
      "type": "azurerm_storage_account",
      "name": "functions_storage",
      "provider": "provider[\"registry.terraform.io/hashicorp/azurerm\"]",
      "instances": [
        {
          "schema_version": 4,
          "attributes": {
            "access_tier": "Hot",
            "account_kind": "StorageV2",
            "account_replication_type": "LRS",
            "account_tier": "Standard",
            "allow_nested_items_to_be_public": true,
            "allowed_copy_scope": "",
            "azure_files_authentication": [],
            "blob_properties": [
              {
                "change_feed_enabled": false,
                "change_feed_retention_in_days": 0,
                "container_delete_retention_policy": [],
                "cors_rule": [],
                "default_service_version": "",
                "delete_retention_policy": [],
                "last_access_time_enabled": false,
                "restore_policy": [],
                "versioning_enabled": false
              }
            ],
            "cross_tenant_replication_enabled": true,
            "custom_domain": [],
            "customer_managed_key": [],
            "default_to_oauth_authentication": false,
            "dns_endpoint_type": "Standard",
            "edge_zone": "",
            "enable_https_traffic_only": true,
            "https_traffic_only_enabled": true,
            "id": "/subscriptions/22c18d71-b8ee-44a7-973e-22f4d59d8cdc/resourceGroups/rg-azure-functions-asb/providers/Microsoft.Storage/storageAccounts/stfuncasb001",
            "identity": [],
            "immutability_policy": [],
            "infrastructure_encryption_enabled": false,
            "is_hns_enabled": false,
            "large_file_share_enabled": false,
            "local_user_enabled": true,
            "location": "swedencentral",
            "min_tls_version": "TLS1_2",
            "name": "stfuncasb001",
            "network_rules": [],
            "nfsv3_enabled": false,
            "primary_access_key": "Q+8qeBxcCMABWyyrSokmrjAIi9mQYjpp+VU/jeluOOWCJopC9f46NGkG/o8HnKGzVkaRgpWPDyC3+AStMcv30Q==",
            "primary_blob_connection_string": "DefaultEndpointsProtocol=https;BlobEndpoint=https://stfuncasb001.blob.core.windows.net/;AccountName=stfuncasb001;AccountKey=Q+8qeBxcCMABWyyrSokmrjAIi9mQYjpp+VU/jeluOOWCJopC9f46NGkG/o8HnKGzVkaRgpWPDyC3+AStMcv30Q==",
            "primary_blob_endpoint": "https://stfuncasb001.blob.core.windows.net/",
            "primary_blob_host": "stfuncasb001.blob.core.windows.net",
            "primary_blob_internet_endpoint": "",
            "primary_blob_internet_host": "",
            "primary_blob_microsoft_endpoint": "",
            "primary_blob_microsoft_host": "",
            "primary_connection_string": "DefaultEndpointsProtocol=https;AccountName=stfuncasb001;AccountKey=Q+8qeBxcCMABWyyrSokmrjAIi9mQYjpp+VU/jeluOOWCJopC9f46NGkG/o8HnKGzVkaRgpWPDyC3+AStMcv30Q==;EndpointSuffix=core.windows.net",
            "primary_dfs_endpoint": "https://stfuncasb001.dfs.core.windows.net/",
            "primary_dfs_host": "stfuncasb001.dfs.core.windows.net",
            "primary_dfs_internet_endpoint": "",
            "primary_dfs_internet_host": "",
            "primary_dfs_microsoft_endpoint": "",
            "primary_dfs_microsoft_host": "",
            "primary_file_endpoint": "https://stfuncasb001.file.core.windows.net/",
            "primary_file_host": "stfuncasb001.file.core.windows.net",
            "primary_file_internet_endpoint": "",
            "primary_file_internet_host": "",
            "primary_file_microsoft_endpoint": "",
            "primary_file_microsoft_host": "",
            "primary_location": "swedencentral",
            "primary_queue_endpoint": "https://stfuncasb001.queue.core.windows.net/",
            "primary_queue_host": "stfuncasb001.queue.core.windows.net",
            "primary_queue_microsoft_endpoint": "",
            "primary_queue_microsoft_host": "",
            "primary_table_endpoint": "https://stfuncasb001.table.core.windows.net/",
            "primary_table_host": "stfuncasb001.table.core.windows.net",
            "primary_table_microsoft_endpoint": "",
            "primary_table_microsoft_host": "",
            "primary_web_endpoint": "https://stfuncasb001.z1.web.core.windows.net/",
            "primary_web_host": "stfuncasb001.z1.web.core.windows.net",
            "primary_web_internet_endpoint": "",
            "primary_web_internet_host": "",
            "primary_web_microsoft_endpoint": "",
            "primary_web_microsoft_host": "",
            "public_network_access_enabled": true,
            "queue_encryption_key_type": "Service",
            "queue_properties": [
              {
                "cors_rule": [],
                "hour_metrics": [
                  {
                    "enabled": false,
                    "include_apis": false,
                    "retention_policy_days": 0,
                    "version": "1.0"
                  }
                ],
                "logging": [
                  {
                    "delete": false,
                    "read": false,
                    "retention_policy_days": 0,
                    "version": "1.0",
                    "write": false
                  }
                ],
                "minute_metrics": [
                  {
                    "enabled": false,
                    "include_apis": false,
                    "retention_policy_days": 0,
                    "version": "1.0"
                  }
                ]
              }
            ],
            "resource_group_name": "rg-azure-functions-asb",
            "routing": [],
            "sas_policy": [],
            "secondary_access_key": "druVLjTKfDB1rCL4kqIY0s3/qE3dUHTYo0Ta1wg4H+yOx8u1C/wo+Evdj3u6tazoOCkRmBun6LiC+AStqrn9ew==",
            "secondary_blob_connection_string": "",
            "secondary_blob_endpoint": "",
            "secondary_blob_host": "",
            "secondary_blob_internet_endpoint": "",
            "secondary_blob_internet_host": "",
            "secondary_blob_microsoft_endpoint": "",
            "secondary_blob_microsoft_host": "",
            "secondary_connection_string": "DefaultEndpointsProtocol=https;AccountName=stfuncasb001;AccountKey=druVLjTKfDB1rCL4kqIY0s3/qE3dUHTYo0Ta1wg4H+yOx8u1C/wo+Evdj3u6tazoOCkRmBun6LiC+AStqrn9ew==;EndpointSuffix=core.windows.net",
            "secondary_dfs_endpoint": "",
            "secondary_dfs_host": "",
            "secondary_dfs_internet_endpoint": "",
            "secondary_dfs_internet_host": "",
            "secondary_dfs_microsoft_endpoint": "",
            "secondary_dfs_microsoft_host": "",
            "secondary_file_endpoint": "",
            "secondary_file_host": "",
            "secondary_file_internet_endpoint": "",
            "secondary_file_internet_host": "",
            "secondary_file_microsoft_endpoint": "",
            "secondary_file_microsoft_host": "",
            "secondary_location": "",
            "secondary_queue_endpoint": "",
            "secondary_queue_host": "",
            "secondary_queue_microsoft_endpoint": "",
            "secondary_queue_microsoft_host": "",
            "secondary_table_endpoint": "",
            "secondary_table_host": "",
            "secondary_table_microsoft_endpoint": "",
            "secondary_table_microsoft_host": "",
            "secondary_web_endpoint": "",
            "secondary_web_host": "",
            "secondary_web_internet_endpoint": "",
            "secondary_web_internet_host": "",
            "secondary_web_microsoft_endpoint": "",
            "secondary_web_microsoft_host": "",
            "sftp_enabled": false,
            "share_properties": [
              {
                "cors_rule": [],
                "retention_policy": [
                  {
                    "days": 7
                  }
                ],
                "smb": []
              }
            ],
            "shared_access_key_enabled": true,
            "static_website": [],
            "table_encryption_key_type": "Service",
            "tags": {
              "CreatedBy": "Terraform",
              "Environment": "Development",
              "Project": "Azure-Functions-ASB"
            },
            "timeouts": null
          },
          "sensitive_attributes": [
            [
              {
                "type": "get_attr",
                "value": "primary_access_key"
              }
            ],
            [
              {
                "type": "get_attr",
                "value": "primary_blob_connection_string"
              }
            ],
            [
              {
                "type": "get_attr",
                "value": "primary_connection_string"
              }
            ],
            [
              {
                "type": "get_attr",
                "value": "secondary_access_key"
              }
            ],
            [
              {
                "type": "get_attr",
                "value": "secondary_blob_connection_string"
              }
            ],
            [
              {
                "type": "get_attr",
                "value": "secondary_connection_string"
              }
            ]
          ],
          "identity_schema_version": 0,
          "private": "eyJlMmJmYjczMC1lY2FhLTExZTYtOGY4OC0zNDM2M2JjN2M0YzAiOnsiY3JlYXRlIjozNjAwMDAwMDAwMDAwLCJkZWxldGUiOjM2MDAwMDAwMDAwMDAsInJlYWQiOjMwMDAwMDAwMDAwMCwidXBkYXRlIjozNjAwMDAwMDAwMDAwfSwic2NoZW1hX3ZlcnNpb24iOiI0In0=",
          "dependencies": [
            "azurerm_resource_group.main"
          ]
        }
      ]
    }
  ],
  "check_results": [
    {
      "object_kind": "var",
      "config_addr": "var.dotnet_version",
      "status": "pass",
      "objects": [
        {
          "object_addr": "var.dotnet_version",
          "status": "pass"
        }
      ]
    },
    {
      "object_kind": "var",
      "config_addr": "var.environment",
      "status": "pass",
      "objects": [
        {
          "object_addr": "var.environment",
          "status": "pass"
        }
      ]
    }
  ]
}
